
Microsoft Visual Studio Solution File, Format Version 12.00
# Visual Studio Version 17
VisualStudioVersion = 17.4.33205.214
MinimumVisualStudioVersion = 10.0.40219.1
Project("{9A19103F-16F7-4668-BE54-9A1E7A4F7556}") = "RecursionThread", "RecursionThread\RecursionThread.csproj", "{1057EA9E-121C-4CFD-A66F-C30E8CFF83E0}"
EndProject
Project("{9A19103F-16F7-4668-BE54-9A1E7A4F7556}") = "CharChainThread", "CharChainThread\CharChainThread.csproj", "{98FC815D-E339-4D89-9ED8-03FB3E989F74}"
EndProject
Project("{FAE04EC0-301F-11D3-BF4B-00C04F79EFBC}") = "AsyncMethod", "AsyncMethod\AsyncMethod.csproj", "{007F4882-81E6-4D92-BED0-EA61582058EB}"
EndProject
Project("{FAE04EC0-301F-11D3-BF4B-00C04F79EFBC}") = "Array1kk_PLINQ", "Array1kk_PLINQ\Array1kk_PLINQ.csproj", "{C37374F7-FDFF-41F4-BDED-02C7F54FFEA2}"
EndProject
Project("{FAE04EC0-301F-11D3-BF4B-00C04F79EFBC}") = "ParallelMethods", "ParallelMethods\ParallelMethods.csproj", "{E75A5260-3BCC-45D8-9D0C-CC6B9678E007}"
EndProject
Global
	GlobalSection(SolutionConfigurationPlatforms) = preSolution
		Debug|Any CPU = Debug|Any CPU
		Release|Any CPU = Release|Any CPU
	EndGlobalSection
	GlobalSection(ProjectConfigurationPlatforms) = postSolution
		{1057EA9E-121C-4CFD-A66F-C30E8CFF83E0}.Debug|Any CPU.ActiveCfg = Debug|Any CPU
		{1057EA9E-121C-4CFD-A66F-C30E8CFF83E0}.Debug|Any CPU.Build.0 = Debug|Any CPU
		{1057EA9E-121C-4CFD-A66F-C30E8CFF83E0}.Release|Any CPU.ActiveCfg = Release|Any CPU
		{1057EA9E-121C-4CFD-A66F-C30E8CFF83E0}.Release|Any CPU.Build.0 = Release|Any CPU
		{98FC815D-E339-4D89-9ED8-03FB3E989F74}.Debug|Any CPU.ActiveCfg = Debug|Any CPU
		{98FC815D-E339-4D89-9ED8-03FB3E989F74}.Debug|Any CPU.Build.0 = Debug|Any CPU
		{98FC815D-E339-4D89-9ED8-03FB3E989F74}.Release|Any CPU.ActiveCfg = Release|Any CPU
		{98FC815D-E339-4D89-9ED8-03FB3E989F74}.Release|Any CPU.Build.0 = Release|Any CPU
		{007F4882-81E6-4D92-BED0-EA61582058EB}.Debug|Any CPU.ActiveCfg = Debug|Any CPU
		{007F4882-81E6-4D92-BED0-EA61582058EB}.Debug|Any CPU.Build.0 = Debug|Any CPU
		{007F4882-81E6-4D92-BED0-EA61582058EB}.Release|Any CPU.ActiveCfg = Release|Any CPU
		{007F4882-81E6-4D92-BED0-EA61582058EB}.Release|Any CPU.Build.0 = Release|Any CPU
		{C37374F7-FDFF-41F4-BDED-02C7F54FFEA2}.Debug|Any CPU.ActiveCfg = Debug|Any CPU
		{C37374F7-FDFF-41F4-BDED-02C7F54FFEA2}.Debug|Any CPU.Build.0 = Debug|Any CPU
		{C37374F7-FDFF-41F4-BDED-02C7F54FFEA2}.Release|Any CPU.ActiveCfg = Release|Any CPU
		{C37374F7-FDFF-41F4-BDED-02C7F54FFEA2}.Release|Any CPU.Build.0 = Release|Any CPU
		{E75A5260-3BCC-45D8-9D0C-CC6B9678E007}.Debug|Any CPU.ActiveCfg = Debug|Any CPU
		{E75A5260-3BCC-45D8-9D0C-CC6B9678E007}.Debug|Any CPU.Build.0 = Debug|Any CPU
		{E75A5260-3BCC-45D8-9D0C-CC6B9678E007}.Release|Any CPU.ActiveCfg = Release|Any CPU
		{E75A5260-3BCC-45D8-9D0C-CC6B9678E007}.Release|Any CPU.Build.0 = Release|Any CPU
	EndGlobalSection
	GlobalSection(SolutionProperties) = preSolution
		HideSolutionNode = FALSE
	EndGlobalSection
	GlobalSection(ExtensibilityGlobals) = postSolution
		SolutionGuid = {1D861F4D-8BD4-49D4-923C-AD6F8A04CE04}
	EndGlobalSection
EndGlobal
